// !$*UTF8*$!
{
	archiveVersion = 1;
	classes = {
	};
	objectVersion = 56;
	objects = {

/* Begin PBXBuildFile section */
		8D091A6F29C2124E00101C2C /* TabBarItemPreferenceKey.swift in Sources */ = {isa = PBXBuildFile; fileRef = 8D091A6E29C2124E00101C2C /* TabBarItemPreferenceKey.swift */; };
		8D091A7129C2142D00101C2C /* HeartView.swift in Sources */ = {isa = PBXBuildFile; fileRef = 8D091A7029C2142D00101C2C /* HeartView.swift */; };
		8D091A7329C2146800101C2C /* CartView.swift in Sources */ = {isa = PBXBuildFile; fileRef = 8D091A7229C2146800101C2C /* CartView.swift */; };
		8D091A7529C214A100101C2C /* DialogView.swift in Sources */ = {isa = PBXBuildFile; fileRef = 8D091A7429C214A100101C2C /* DialogView.swift */; };
		8D091A8329C31F5700101C2C /* CustomNavBarView.swift in Sources */ = {isa = PBXBuildFile; fileRef = 8D091A8229C31F5700101C2C /* CustomNavBarView.swift */; };
		8D44E91629C06440003C328C /* EffectiveMobileTestAppApp.swift in Sources */ = {isa = PBXBuildFile; fileRef = 8D44E91529C06440003C328C /* EffectiveMobileTestAppApp.swift */; };
		8D44E91A29C06441003C328C /* Assets.xcassets in Resources */ = {isa = PBXBuildFile; fileRef = 8D44E91929C06441003C328C /* Assets.xcassets */; };
		8D44E91D29C06441003C328C /* Preview Assets.xcassets in Resources */ = {isa = PBXBuildFile; fileRef = 8D44E91C29C06441003C328C /* Preview Assets.xcassets */; };
		8D44E92429C064A8003C328C /* Coordinator.swift in Sources */ = {isa = PBXBuildFile; fileRef = 8D44E92329C064A8003C328C /* Coordinator.swift */; };
		8D44E92829C06867003C328C /* AuthView.swift in Sources */ = {isa = PBXBuildFile; fileRef = 8D44E92729C06867003C328C /* AuthView.swift */; };
		8D44E92B29C0688B003C328C /* HomeView.swift in Sources */ = {isa = PBXBuildFile; fileRef = 8D44E92A29C0688B003C328C /* HomeView.swift */; };
		8D44E92E29C068A2003C328C /* ProfileView.swift in Sources */ = {isa = PBXBuildFile; fileRef = 8D44E92D29C068A2003C328C /* ProfileView.swift */; };
		8D44E93129C068BD003C328C /* ProductView.swift in Sources */ = {isa = PBXBuildFile; fileRef = 8D44E93029C068BD003C328C /* ProductView.swift */; };
		8D44E93429C06950003C328C /* SheetView.swift in Sources */ = {isa = PBXBuildFile; fileRef = 8D44E93329C06950003C328C /* SheetView.swift */; };
		8D44E93629C06966003C328C /* TabBarView.swift in Sources */ = {isa = PBXBuildFile; fileRef = 8D44E93529C06966003C328C /* TabBarView.swift */; };
		8D44E93C29C07853003C328C /* Fonts.swift in Sources */ = {isa = PBXBuildFile; fileRef = 8D44E93829C07853003C328C /* Fonts.swift */; };
		8D44E93D29C07853003C328C /* Double.swift in Sources */ = {isa = PBXBuildFile; fileRef = 8D44E93929C07853003C328C /* Double.swift */; };
		8D44E93E29C07853003C328C /* PreviewProvider.swift in Sources */ = {isa = PBXBuildFile; fileRef = 8D44E93A29C07853003C328C /* PreviewProvider.swift */; };
		8D44E93F29C07853003C328C /* Color.swift in Sources */ = {isa = PBXBuildFile; fileRef = 8D44E93B29C07853003C328C /* Color.swift */; };
		8D44E94829C078A3003C328C /* Montserrat-Bold.ttf in Resources */ = {isa = PBXBuildFile; fileRef = 8D44E94129C078A3003C328C /* Montserrat-Bold.ttf */; };
		8D44E94929C078A3003C328C /* Montserrat-Light.ttf in Resources */ = {isa = PBXBuildFile; fileRef = 8D44E94229C078A3003C328C /* Montserrat-Light.ttf */; };
		8D44E94A29C078A3003C328C /* Montserrat-Black.ttf in Resources */ = {isa = PBXBuildFile; fileRef = 8D44E94329C078A3003C328C /* Montserrat-Black.ttf */; };
		8D44E94B29C078A3003C328C /* Montserrat-Italic.ttf in Resources */ = {isa = PBXBuildFile; fileRef = 8D44E94429C078A3003C328C /* Montserrat-Italic.ttf */; };
		8D44E94C29C078A3003C328C /* Montserrat-Regular.ttf in Resources */ = {isa = PBXBuildFile; fileRef = 8D44E94529C078A3003C328C /* Montserrat-Regular.ttf */; };
		8D44E94D29C078A3003C328C /* Montserrat-Medium.ttf in Resources */ = {isa = PBXBuildFile; fileRef = 8D44E94629C078A3003C328C /* Montserrat-Medium.ttf */; };
		8D44E94E29C078A3003C328C /* Montserrat-SemiBold.ttf in Resources */ = {isa = PBXBuildFile; fileRef = 8D44E94729C078A3003C328C /* Montserrat-SemiBold.ttf */; };
		8D44E95129C07ACC003C328C /* AuthViewModel.swift in Sources */ = {isa = PBXBuildFile; fileRef = 8D44E95029C07ACC003C328C /* AuthViewModel.swift */; };
		8D44E95329C08377003C328C /* View.swift in Sources */ = {isa = PBXBuildFile; fileRef = 8D44E95229C08376003C328C /* View.swift */; };
		8D44E95729C0A579003C328C /* SecureFieldView.swift in Sources */ = {isa = PBXBuildFile; fileRef = 8D44E95629C0A579003C328C /* SecureFieldView.swift */; };
		8D7BE2B629C0B27800CDE9A8 /* AuthService.swift in Sources */ = {isa = PBXBuildFile; fileRef = 8D7BE2B529C0B27800CDE9A8 /* AuthService.swift */; };
		8D7BE2BA29C0B36800CDE9A8 /* User.swift in Sources */ = {isa = PBXBuildFile; fileRef = 8D7BE2B929C0B36800CDE9A8 /* User.swift */; };
		8D7BE2BC29C0B92D00CDE9A8 /* Array.swift in Sources */ = {isa = PBXBuildFile; fileRef = 8D7BE2BB29C0B92D00CDE9A8 /* Array.swift */; };
		8D7BE2C229C0CE5200CDE9A8 /* CustomTabBarItem.swift in Sources */ = {isa = PBXBuildFile; fileRef = 8D7BE2C129C0CE5200CDE9A8 /* CustomTabBarItem.swift */; };
		8D7BE2C429C0D5A800CDE9A8 /* TabBarItem.swift in Sources */ = {isa = PBXBuildFile; fileRef = 8D7BE2C329C0D5A800CDE9A8 /* TabBarItem.swift */; };
		8D7BE2C629C0DCBD00CDE9A8 /* CustomTabBarContainerView.swift in Sources */ = {isa = PBXBuildFile; fileRef = 8D7BE2C529C0DCBD00CDE9A8 /* CustomTabBarContainerView.swift */; };
		8D7BE2C829C0EBBB00CDE9A8 /* ProfileRow.swift in Sources */ = {isa = PBXBuildFile; fileRef = 8D7BE2C729C0EBBB00CDE9A8 /* ProfileRow.swift */; };
		8DC33BBA29C9DE2A00F45AF7 /* AsyncImageView.swift in Sources */ = {isa = PBXBuildFile; fileRef = 8DC33BB929C9DE2A00F45AF7 /* AsyncImageView.swift */; };
		8DC33BBC29C9DE6200F45AF7 /* AsyncImageViewModel.swift in Sources */ = {isa = PBXBuildFile; fileRef = 8DC33BBB29C9DE6200F45AF7 /* AsyncImageViewModel.swift */; };
		8DC33BBE29C9DECD00F45AF7 /* ImageDownloadService.swift in Sources */ = {isa = PBXBuildFile; fileRef = 8DC33BBD29C9DECD00F45AF7 /* ImageDownloadService.swift */; };
		8DC33BC029CA2B5100F45AF7 /* ProductModel.swift in Sources */ = {isa = PBXBuildFile; fileRef = 8DC33BBF29CA2B5100F45AF7 /* ProductModel.swift */; };
		8DDA0F0729C330D40048E2B8 /* ShopFilterView.swift in Sources */ = {isa = PBXBuildFile; fileRef = 8DDA0F0629C330D40048E2B8 /* ShopFilterView.swift */; };
		8DDA0F0929C468CD0048E2B8 /* LatestView.swift in Sources */ = {isa = PBXBuildFile; fileRef = 8DDA0F0829C468CD0048E2B8 /* LatestView.swift */; };
		8DDA0F0B29C470C80048E2B8 /* SalesView.swift in Sources */ = {isa = PBXBuildFile; fileRef = 8DDA0F0A29C470C80048E2B8 /* SalesView.swift */; };
		8DDA0F0D29C47B380048E2B8 /* NetworkingManager.swift in Sources */ = {isa = PBXBuildFile; fileRef = 8DDA0F0C29C47B380048E2B8 /* NetworkingManager.swift */; };
		8DDA0F0F29C47B570048E2B8 /* DataServices.swift in Sources */ = {isa = PBXBuildFile; fileRef = 8DDA0F0E29C47B570048E2B8 /* DataServices.swift */; };
		8DDA0F1129C47BC80048E2B8 /* LatestModel.swift in Sources */ = {isa = PBXBuildFile; fileRef = 8DDA0F1029C47BC80048E2B8 /* LatestModel.swift */; };
		8DDA0F1329C47E170048E2B8 /* FlashSaleModel.swift in Sources */ = {isa = PBXBuildFile; fileRef = 8DDA0F1229C47E170048E2B8 /* FlashSaleModel.swift */; };
		8DDA0F1529C47E9F0048E2B8 /* HomeViewModel.swift in Sources */ = {isa = PBXBuildFile; fileRef = 8DDA0F1429C47E9F0048E2B8 /* HomeViewModel.swift */; };
		8DDA0F1729C4C03D0048E2B8 /* CoorTabbar.swift in Sources */ = {isa = PBXBuildFile; fileRef = 8DDA0F1629C4C03D0048E2B8 /* CoorTabbar.swift */; };
		8DE1A75A29C8A56C0042EA17 /* HomeCoordinator.swift in Sources */ = {isa = PBXBuildFile; fileRef = 8DE1A75929C8A56C0042EA17 /* HomeCoordinator.swift */; };
		8DE1A75C29C8B1310042EA17 /* HomeCoordinatorView.swift in Sources */ = {isa = PBXBuildFile; fileRef = 8DE1A75B29C8B1310042EA17 /* HomeCoordinatorView.swift */; };
/* End PBXBuildFile section */

/* Begin PBXFileReference section */
		8D091A6E29C2124E00101C2C /* TabBarItemPreferenceKey.swift */ = {isa = PBXFileReference; lastKnownFileType = sourcecode.swift; path = TabBarItemPreferenceKey.swift; sourceTree = "<group>"; };
		8D091A7029C2142D00101C2C /* HeartView.swift */ = {isa = PBXFileReference; lastKnownFileType = sourcecode.swift; path = HeartView.swift; sourceTree = "<group>"; };
		8D091A7229C2146800101C2C /* CartView.swift */ = {isa = PBXFileReference; lastKnownFileType = sourcecode.swift; path = CartView.swift; sourceTree = "<group>"; };
		8D091A7429C214A100101C2C /* DialogView.swift */ = {isa = PBXFileReference; lastKnownFileType = sourcecode.swift; path = DialogView.swift; sourceTree = "<group>"; };
		8D091A8229C31F5700101C2C /* CustomNavBarView.swift */ = {isa = PBXFileReference; lastKnownFileType = sourcecode.swift; path = CustomNavBarView.swift; sourceTree = "<group>"; };
		8D44E91229C06440003C328C /* EffectiveMobileTestApp.app */ = {isa = PBXFileReference; explicitFileType = wrapper.application; includeInIndex = 0; path = EffectiveMobileTestApp.app; sourceTree = BUILT_PRODUCTS_DIR; };
		8D44E91529C06440003C328C /* EffectiveMobileTestAppApp.swift */ = {isa = PBXFileReference; lastKnownFileType = sourcecode.swift; path = EffectiveMobileTestAppApp.swift; sourceTree = "<group>"; };
		8D44E91929C06441003C328C /* Assets.xcassets */ = {isa = PBXFileReference; lastKnownFileType = folder.assetcatalog; path = Assets.xcassets; sourceTree = "<group>"; };
		8D44E91C29C06441003C328C /* Preview Assets.xcassets */ = {isa = PBXFileReference; lastKnownFileType = folder.assetcatalog; path = "Preview Assets.xcassets"; sourceTree = "<group>"; };
		8D44E92329C064A8003C328C /* Coordinator.swift */ = {isa = PBXFileReference; lastKnownFileType = sourcecode.swift; path = Coordinator.swift; sourceTree = "<group>"; };
		8D44E92729C06867003C328C /* AuthView.swift */ = {isa = PBXFileReference; lastKnownFileType = sourcecode.swift; path = AuthView.swift; sourceTree = "<group>"; };
		8D44E92A29C0688B003C328C /* HomeView.swift */ = {isa = PBXFileReference; lastKnownFileType = sourcecode.swift; path = HomeView.swift; sourceTree = "<group>"; };
		8D44E92D29C068A2003C328C /* ProfileView.swift */ = {isa = PBXFileReference; lastKnownFileType = sourcecode.swift; path = ProfileView.swift; sourceTree = "<group>"; };
		8D44E93029C068BD003C328C /* ProductView.swift */ = {isa = PBXFileReference; lastKnownFileType = sourcecode.swift; path = ProductView.swift; sourceTree = "<group>"; };
		8D44E93329C06950003C328C /* SheetView.swift */ = {isa = PBXFileReference; lastKnownFileType = sourcecode.swift; path = SheetView.swift; sourceTree = "<group>"; };
		8D44E93529C06966003C328C /* TabBarView.swift */ = {isa = PBXFileReference; lastKnownFileType = sourcecode.swift; path = TabBarView.swift; sourceTree = "<group>"; };
		8D44E93829C07853003C328C /* Fonts.swift */ = {isa = PBXFileReference; fileEncoding = 4; lastKnownFileType = sourcecode.swift; path = Fonts.swift; sourceTree = "<group>"; };
		8D44E93929C07853003C328C /* Double.swift */ = {isa = PBXFileReference; fileEncoding = 4; lastKnownFileType = sourcecode.swift; path = Double.swift; sourceTree = "<group>"; };
		8D44E93A29C07853003C328C /* PreviewProvider.swift */ = {isa = PBXFileReference; fileEncoding = 4; lastKnownFileType = sourcecode.swift; path = PreviewProvider.swift; sourceTree = "<group>"; };
		8D44E93B29C07853003C328C /* Color.swift */ = {isa = PBXFileReference; fileEncoding = 4; lastKnownFileType = sourcecode.swift; path = Color.swift; sourceTree = "<group>"; };
		8D44E94129C078A3003C328C /* Montserrat-Bold.ttf */ = {isa = PBXFileReference; lastKnownFileType = file; path = "Montserrat-Bold.ttf"; sourceTree = "<group>"; };
		8D44E94229C078A3003C328C /* Montserrat-Light.ttf */ = {isa = PBXFileReference; lastKnownFileType = file; path = "Montserrat-Light.ttf"; sourceTree = "<group>"; };
		8D44E94329C078A3003C328C /* Montserrat-Black.ttf */ = {isa = PBXFileReference; lastKnownFileType = file; path = "Montserrat-Black.ttf"; sourceTree = "<group>"; };
		8D44E94429C078A3003C328C /* Montserrat-Italic.ttf */ = {isa = PBXFileReference; lastKnownFileType = file; path = "Montserrat-Italic.ttf"; sourceTree = "<group>"; };
		8D44E94529C078A3003C328C /* Montserrat-Regular.ttf */ = {isa = PBXFileReference; lastKnownFileType = file; path = "Montserrat-Regular.ttf"; sourceTree = "<group>"; };
		8D44E94629C078A3003C328C /* Montserrat-Medium.ttf */ = {isa = PBXFileReference; lastKnownFileType = file; path = "Montserrat-Medium.ttf"; sourceTree = "<group>"; };
		8D44E94729C078A3003C328C /* Montserrat-SemiBold.ttf */ = {isa = PBXFileReference; lastKnownFileType = file; path = "Montserrat-SemiBold.ttf"; sourceTree = "<group>"; };
		8D44E94F29C078CA003C328C /* Info.plist */ = {isa = PBXFileReference; lastKnownFileType = text.plist; path = Info.plist; sourceTree = "<group>"; };
		8D44E95029C07ACC003C328C /* AuthViewModel.swift */ = {isa = PBXFileReference; lastKnownFileType = sourcecode.swift; path = AuthViewModel.swift; sourceTree = "<group>"; };
		8D44E95229C08376003C328C /* View.swift */ = {isa = PBXFileReference; fileEncoding = 4; lastKnownFileType = sourcecode.swift; path = View.swift; sourceTree = "<group>"; };
		8D44E95629C0A579003C328C /* SecureFieldView.swift */ = {isa = PBXFileReference; lastKnownFileType = sourcecode.swift; path = SecureFieldView.swift; sourceTree = "<group>"; };
		8D7BE2B529C0B27800CDE9A8 /* AuthService.swift */ = {isa = PBXFileReference; fileEncoding = 4; lastKnownFileType = sourcecode.swift; path = AuthService.swift; sourceTree = "<group>"; };
		8D7BE2B929C0B36800CDE9A8 /* User.swift */ = {isa = PBXFileReference; lastKnownFileType = sourcecode.swift; path = User.swift; sourceTree = "<group>"; };
		8D7BE2BB29C0B92D00CDE9A8 /* Array.swift */ = {isa = PBXFileReference; lastKnownFileType = sourcecode.swift; path = Array.swift; sourceTree = "<group>"; };
		8D7BE2C129C0CE5200CDE9A8 /* CustomTabBarItem.swift */ = {isa = PBXFileReference; lastKnownFileType = sourcecode.swift; path = CustomTabBarItem.swift; sourceTree = "<group>"; };
		8D7BE2C329C0D5A800CDE9A8 /* TabBarItem.swift */ = {isa = PBXFileReference; lastKnownFileType = sourcecode.swift; path = TabBarItem.swift; sourceTree = "<group>"; };
		8D7BE2C529C0DCBD00CDE9A8 /* CustomTabBarContainerView.swift */ = {isa = PBXFileReference; lastKnownFileType = sourcecode.swift; path = CustomTabBarContainerView.swift; sourceTree = "<group>"; };
		8D7BE2C729C0EBBB00CDE9A8 /* ProfileRow.swift */ = {isa = PBXFileReference; lastKnownFileType = sourcecode.swift; path = ProfileRow.swift; sourceTree = "<group>"; };
		8DC33BB929C9DE2A00F45AF7 /* AsyncImageView.swift */ = {isa = PBXFileReference; lastKnownFileType = sourcecode.swift; path = AsyncImageView.swift; sourceTree = "<group>"; };
		8DC33BBB29C9DE6200F45AF7 /* AsyncImageViewModel.swift */ = {isa = PBXFileReference; lastKnownFileType = sourcecode.swift; path = AsyncImageViewModel.swift; sourceTree = "<group>"; };
		8DC33BBD29C9DECD00F45AF7 /* ImageDownloadService.swift */ = {isa = PBXFileReference; lastKnownFileType = sourcecode.swift; path = ImageDownloadService.swift; sourceTree = "<group>"; };
		8DC33BBF29CA2B5100F45AF7 /* ProductModel.swift */ = {isa = PBXFileReference; lastKnownFileType = sourcecode.swift; path = ProductModel.swift; sourceTree = "<group>"; };
		8DDA0F0629C330D40048E2B8 /* ShopFilterView.swift */ = {isa = PBXFileReference; lastKnownFileType = sourcecode.swift; path = ShopFilterView.swift; sourceTree = "<group>"; };
		8DDA0F0829C468CD0048E2B8 /* LatestView.swift */ = {isa = PBXFileReference; lastKnownFileType = sourcecode.swift; path = LatestView.swift; sourceTree = "<group>"; };
		8DDA0F0A29C470C80048E2B8 /* SalesView.swift */ = {isa = PBXFileReference; lastKnownFileType = sourcecode.swift; path = SalesView.swift; sourceTree = "<group>"; };
		8DDA0F0C29C47B380048E2B8 /* NetworkingManager.swift */ = {isa = PBXFileReference; fileEncoding = 4; lastKnownFileType = sourcecode.swift; path = NetworkingManager.swift; sourceTree = "<group>"; };
		8DDA0F0E29C47B570048E2B8 /* DataServices.swift */ = {isa = PBXFileReference; fileEncoding = 4; lastKnownFileType = sourcecode.swift; path = DataServices.swift; sourceTree = "<group>"; };
		8DDA0F1029C47BC80048E2B8 /* LatestModel.swift */ = {isa = PBXFileReference; lastKnownFileType = sourcecode.swift; path = LatestModel.swift; sourceTree = "<group>"; };
		8DDA0F1229C47E170048E2B8 /* FlashSaleModel.swift */ = {isa = PBXFileReference; lastKnownFileType = sourcecode.swift; path = FlashSaleModel.swift; sourceTree = "<group>"; };
		8DDA0F1429C47E9F0048E2B8 /* HomeViewModel.swift */ = {isa = PBXFileReference; lastKnownFileType = sourcecode.swift; path = HomeViewModel.swift; sourceTree = "<group>"; };
		8DDA0F1629C4C03D0048E2B8 /* CoorTabbar.swift */ = {isa = PBXFileReference; lastKnownFileType = sourcecode.swift; path = CoorTabbar.swift; sourceTree = "<group>"; };
		8DE1A75929C8A56C0042EA17 /* HomeCoordinator.swift */ = {isa = PBXFileReference; lastKnownFileType = sourcecode.swift; path = HomeCoordinator.swift; sourceTree = "<group>"; };
		8DE1A75B29C8B1310042EA17 /* HomeCoordinatorView.swift */ = {isa = PBXFileReference; lastKnownFileType = sourcecode.swift; path = HomeCoordinatorView.swift; sourceTree = "<group>"; };
/* End PBXFileReference section */

/* Begin PBXFrameworksBuildPhase section */
		8D44E90F29C06440003C328C /* Frameworks */ = {
			isa = PBXFrameworksBuildPhase;
			buildActionMask = 2147483647;
			files = (
			);
			runOnlyForDeploymentPostprocessing = 0;
		};
/* End PBXFrameworksBuildPhase section */

/* Begin PBXGroup section */
		8D091A7629C21A5000101C2C /* TabBarView */ = {
			isa = PBXGroup;
			children = (
				8D7BE2C129C0CE5200CDE9A8 /* CustomTabBarItem.swift */,
				8D7BE2C529C0DCBD00CDE9A8 /* CustomTabBarContainerView.swift */,
				8D7BE2C329C0D5A800CDE9A8 /* TabBarItem.swift */,
				8D091A6E29C2124E00101C2C /* TabBarItemPreferenceKey.swift */,
			);
			path = TabBarView;
			sourceTree = "<group>";
		};
		8D091A7729C21F4C00101C2C /* NavBarView */ = {
			isa = PBXGroup;
			children = (
				8D091A8229C31F5700101C2C /* CustomNavBarView.swift */,
			);
			path = NavBarView;
			sourceTree = "<group>";
		};
		8D44E90929C06440003C328C = {
			isa = PBXGroup;
			children = (
				8D44E91429C06440003C328C /* EffectiveMobileTestApp */,
				8D44E91329C06440003C328C /* Products */,
			);
			sourceTree = "<group>";
		};
		8D44E91329C06440003C328C /* Products */ = {
			isa = PBXGroup;
			children = (
				8D44E91229C06440003C328C /* EffectiveMobileTestApp.app */,
			);
			name = Products;
			sourceTree = "<group>";
		};
		8D44E91429C06440003C328C /* EffectiveMobileTestApp */ = {
			isa = PBXGroup;
			children = (
				8D44E91529C06440003C328C /* EffectiveMobileTestAppApp.swift */,
				8D44E92329C064A8003C328C /* Coordinator.swift */,
				8D44E93529C06966003C328C /* TabBarView.swift */,
				8D44E92529C06850003C328C /* Core */,
				8D7BE2B729C0B27C00CDE9A8 /* Services */,
				8D7BE2B829C0B35400CDE9A8 /* Models */,
				8D44E93729C0783B003C328C /* Extension */,
				8D44E94F29C078CA003C328C /* Info.plist */,
				8D44E93229C0693C003C328C /* Components */,
				8D44E91929C06441003C328C /* Assets.xcassets */,
				8D44E94029C07865003C328C /* Fonts */,
				8D44E91B29C06441003C328C /* Preview Content */,
				8DDA0F1629C4C03D0048E2B8 /* CoorTabbar.swift */,
			);
			path = EffectiveMobileTestApp;
			sourceTree = "<group>";
		};
		8D44E91B29C06441003C328C /* Preview Content */ = {
			isa = PBXGroup;
			children = (
				8D44E91C29C06441003C328C /* Preview Assets.xcassets */,
			);
			path = "Preview Content";
			sourceTree = "<group>";
		};
		8D44E92529C06850003C328C /* Core */ = {
			isa = PBXGroup;
			children = (
				8D091A7729C21F4C00101C2C /* NavBarView */,
				8D091A7629C21A5000101C2C /* TabBarView */,
				8D44E92629C06858003C328C /* AuthView */,
				8D44E92929C0687E003C328C /* homeView */,
				8D44E92F29C068A7003C328C /* ProductView */,
				8D44E92C29C06891003C328C /* ProfileView */,
			);
			path = Core;
			sourceTree = "<group>";
		};
		8D44E92629C06858003C328C /* AuthView */ = {
			isa = PBXGroup;
			children = (
				8D44E92729C06867003C328C /* AuthView.swift */,
				8D44E95029C07ACC003C328C /* AuthViewModel.swift */,
			);
			path = AuthView;
			sourceTree = "<group>";
		};
		8D44E92929C0687E003C328C /* homeView */ = {
			isa = PBXGroup;
			children = (
				8DE1A75929C8A56C0042EA17 /* HomeCoordinator.swift */,
				8DE1A75B29C8B1310042EA17 /* HomeCoordinatorView.swift */,
				8D44E92A29C0688B003C328C /* HomeView.swift */,
				8DDA0F1429C47E9F0048E2B8 /* HomeViewModel.swift */,
				8DDA0F0529C330C40048E2B8 /* Components */,
			);
			path = homeView;
			sourceTree = "<group>";
		};
		8D44E92C29C06891003C328C /* ProfileView */ = {
			isa = PBXGroup;
			children = (
				8D44E92D29C068A2003C328C /* ProfileView.swift */,
			);
			path = ProfileView;
			sourceTree = "<group>";
		};
		8D44E92F29C068A7003C328C /* ProductView */ = {
			isa = PBXGroup;
			children = (
				8D44E93029C068BD003C328C /* ProductView.swift */,
			);
			path = ProductView;
			sourceTree = "<group>";
		};
		8D44E93229C0693C003C328C /* Components */ = {
			isa = PBXGroup;
			children = (
				8D091A7029C2142D00101C2C /* HeartView.swift */,
				8D091A7229C2146800101C2C /* CartView.swift */,
				8D091A7429C214A100101C2C /* DialogView.swift */,
				8D44E93329C06950003C328C /* SheetView.swift */,
				8D44E95629C0A579003C328C /* SecureFieldView.swift */,
				8D7BE2C729C0EBBB00CDE9A8 /* ProfileRow.swift */,
			);
			path = Components;
			sourceTree = "<group>";
		};
		8D44E93729C0783B003C328C /* Extension */ = {
			isa = PBXGroup;
			children = (
				8D44E93B29C07853003C328C /* Color.swift */,
				8D44E93929C07853003C328C /* Double.swift */,
				8D44E93829C07853003C328C /* Fonts.swift */,
				8D44E93A29C07853003C328C /* PreviewProvider.swift */,
				8D44E95229C08376003C328C /* View.swift */,
				8D7BE2BB29C0B92D00CDE9A8 /* Array.swift */,
			);
			path = Extension;
			sourceTree = "<group>";
		};
		8D44E94029C07865003C328C /* Fonts */ = {
			isa = PBXGroup;
			children = (
				8D44E94329C078A3003C328C /* Montserrat-Black.ttf */,
				8D44E94129C078A3003C328C /* Montserrat-Bold.ttf */,
				8D44E94429C078A3003C328C /* Montserrat-Italic.ttf */,
				8D44E94229C078A3003C328C /* Montserrat-Light.ttf */,
				8D44E94629C078A3003C328C /* Montserrat-Medium.ttf */,
				8D44E94529C078A3003C328C /* Montserrat-Regular.ttf */,
				8D44E94729C078A3003C328C /* Montserrat-SemiBold.ttf */,
			);
			path = Fonts;
			sourceTree = "<group>";
		};
		8D7BE2B729C0B27C00CDE9A8 /* Services */ = {
			isa = PBXGroup;
			children = (
				8DDA0F0C29C47B380048E2B8 /* NetworkingManager.swift */,
				8D7BE2B529C0B27800CDE9A8 /* AuthService.swift */,
				8DDA0F0E29C47B570048E2B8 /* DataServices.swift */,
				8DC33BBD29C9DECD00F45AF7 /* ImageDownloadService.swift */,
			);
			path = Services;
			sourceTree = "<group>";
		};
		8D7BE2B829C0B35400CDE9A8 /* Models */ = {
			isa = PBXGroup;
			children = (
				8D7BE2B929C0B36800CDE9A8 /* User.swift */,
				8DDA0F1029C47BC80048E2B8 /* LatestModel.swift */,
				8DDA0F1229C47E170048E2B8 /* FlashSaleModel.swift */,
				8DC33BBF29CA2B5100F45AF7 /* ProductModel.swift */,
			);
			path = Models;
			sourceTree = "<group>";
		};
		8DDA0F0529C330C40048E2B8 /* Components */ = {
			isa = PBXGroup;
			children = (
				8DDA0F0629C330D40048E2B8 /* ShopFilterView.swift */,
				8DDA0F0829C468CD0048E2B8 /* LatestView.swift */,
				8DDA0F0A29C470C80048E2B8 /* SalesView.swift */,
				8DC33BB929C9DE2A00F45AF7 /* AsyncImageView.swift */,
				8DC33BBB29C9DE6200F45AF7 /* AsyncImageViewModel.swift */,
			);
			path = Components;
			sourceTree = "<group>";
		};
/* End PBXGroup section */

/* Begin PBXNativeTarget section */
		8D44E91129C06440003C328C /* EffectiveMobileTestApp */ = {
			isa = PBXNativeTarget;
			buildConfigurationList = 8D44E92029C06441003C328C /* Build configuration list for PBXNativeTarget "EffectiveMobileTestApp" */;
			buildPhases = (
				8D44E90E29C06440003C328C /* Sources */,
				8D44E90F29C06440003C328C /* Frameworks */,
				8D44E91029C06440003C328C /* Resources */,
			);
			buildRules = (
			);
			dependencies = (
			);
			name = EffectiveMobileTestApp;
			productName = EffectiveMobileTestApp;
			productReference = 8D44E91229C06440003C328C /* EffectiveMobileTestApp.app */;
			productType = "com.apple.product-type.application";
		};
/* End PBXNativeTarget section */

/* Begin PBXProject section */
		8D44E90A29C06440003C328C /* Project object */ = {
			isa = PBXProject;
			attributes = {
				BuildIndependentTargetsInParallel = 1;
				LastSwiftUpdateCheck = 1400;
				LastUpgradeCheck = 1400;
				TargetAttributes = {
					8D44E91129C06440003C328C = {
						CreatedOnToolsVersion = 14.0;
					};
				};
			};
			buildConfigurationList = 8D44E90D29C06440003C328C /* Build configuration list for PBXProject "EffectiveMobileTestApp" */;
			compatibilityVersion = "Xcode 14.0";
			developmentRegion = en;
			hasScannedForEncodings = 0;
			knownRegions = (
				en,
				Base,
			);
			mainGroup = 8D44E90929C06440003C328C;
			productRefGroup = 8D44E91329C06440003C328C /* Products */;
			projectDirPath = "";
			projectRoot = "";
			targets = (
				8D44E91129C06440003C328C /* EffectiveMobileTestApp */,
			);
		};
/* End PBXProject section */

/* Begin PBXResourcesBuildPhase section */
		8D44E91029C06440003C328C /* Resources */ = {
			isa = PBXResourcesBuildPhase;
			buildActionMask = 2147483647;
			files = (
				8D44E94929C078A3003C328C /* Montserrat-Light.ttf in Resources */,
				8D44E94A29C078A3003C328C /* Montserrat-Black.ttf in Resources */,
				8D44E94C29C078A3003C328C /* Montserrat-Regular.ttf in Resources */,
				8D44E91D29C06441003C328C /* Preview Assets.xcassets in Resources */,
				8D44E94B29C078A3003C328C /* Montserrat-Italic.ttf in Resources */,
				8D44E91A29C06441003C328C /* Assets.xcassets in Resources */,
				8D44E94E29C078A3003C328C /* Montserrat-SemiBold.ttf in Resources */,
				8D44E94D29C078A3003C328C /* Montserrat-Medium.ttf in Resources */,
				8D44E94829C078A3003C328C /* Montserrat-Bold.ttf in Resources */,
			);
			runOnlyForDeploymentPostprocessing = 0;
		};
/* End PBXResourcesBuildPhase section */

/* Begin PBXSourcesBuildPhase section */
		8D44E90E29C06440003C328C /* Sources */ = {
			isa = PBXSourcesBuildPhase;
			buildActionMask = 2147483647;
			files = (
				8D44E93E29C07853003C328C /* PreviewProvider.swift in Sources */,
				8D091A7329C2146800101C2C /* CartView.swift in Sources */,
				8D44E95329C08377003C328C /* View.swift in Sources */,
				8D091A7129C2142D00101C2C /* HeartView.swift in Sources */,
				8D091A6F29C2124E00101C2C /* TabBarItemPreferenceKey.swift in Sources */,
				8D44E91629C06440003C328C /* EffectiveMobileTestAppApp.swift in Sources */,
				8DE1A75C29C8B1310042EA17 /* HomeCoordinatorView.swift in Sources */,
				8D44E92829C06867003C328C /* AuthView.swift in Sources */,
				8D7BE2C829C0EBBB00CDE9A8 /* ProfileRow.swift in Sources */,
				8D44E93F29C07853003C328C /* Color.swift in Sources */,
				8DDA0F1129C47BC80048E2B8 /* LatestModel.swift in Sources */,
				8DC33BBE29C9DECD00F45AF7 /* ImageDownloadService.swift in Sources */,
				8D44E92B29C0688B003C328C /* HomeView.swift in Sources */,
				8D44E93129C068BD003C328C /* ProductView.swift in Sources */,
				8D44E92E29C068A2003C328C /* ProfileView.swift in Sources */,
				8D091A7529C214A100101C2C /* DialogView.swift in Sources */,
				8D7BE2BC29C0B92D00CDE9A8 /* Array.swift in Sources */,
				8D44E93C29C07853003C328C /* Fonts.swift in Sources */,
				8D7BE2C229C0CE5200CDE9A8 /* CustomTabBarItem.swift in Sources */,
				8DC33BC029CA2B5100F45AF7 /* ProductModel.swift in Sources */,
				8D44E93629C06966003C328C /* TabBarView.swift in Sources */,
				8DDA0F1529C47E9F0048E2B8 /* HomeViewModel.swift in Sources */,
				8D7BE2C629C0DCBD00CDE9A8 /* CustomTabBarContainerView.swift in Sources */,
				8DDA0F0B29C470C80048E2B8 /* SalesView.swift in Sources */,
				8D44E95129C07ACC003C328C /* AuthViewModel.swift in Sources */,
				8DDA0F1329C47E170048E2B8 /* FlashSaleModel.swift in Sources */,
				8DDA0F0D29C47B380048E2B8 /* NetworkingManager.swift in Sources */,
				8D7BE2BA29C0B36800CDE9A8 /* User.swift in Sources */,
				8DC33BBA29C9DE2A00F45AF7 /* AsyncImageView.swift in Sources */,
				8D44E93429C06950003C328C /* SheetView.swift in Sources */,
				8DDA0F1729C4C03D0048E2B8 /* CoorTabbar.swift in Sources */,
				8D44E93D29C07853003C328C /* Double.swift in Sources */,
				8D7BE2B629C0B27800CDE9A8 /* AuthService.swift in Sources */,
				8D7BE2C429C0D5A800CDE9A8 /* TabBarItem.swift in Sources */,
				8DDA0F0F29C47B570048E2B8 /* DataServices.swift in Sources */,
				8DC33BBC29C9DE6200F45AF7 /* AsyncImageViewModel.swift in Sources */,
				8DDA0F0729C330D40048E2B8 /* ShopFilterView.swift in Sources */,
				8D091A8329C31F5700101C2C /* CustomNavBarView.swift in Sources */,
				8D44E95729C0A579003C328C /* SecureFieldView.swift in Sources */,
				8D44E92429C064A8003C328C /* Coordinator.swift in Sources */,
				8DDA0F0929C468CD0048E2B8 /* LatestView.swift in Sources */,
				8DE1A75A29C8A56C0042EA17 /* HomeCoordinator.swift in Sources */,
			);
			runOnlyForDeploymentPostprocessing = 0;
		};
/* End PBXSourcesBuildPhase section */

/* Begin XCBuildConfiguration section */
		8D44E91E29C06441003C328C /* Debug */ = {
			isa = XCBuildConfiguration;
			buildSettings = {
				ALWAYS_SEARCH_USER_PATHS = NO;
				CLANG_ANALYZER_NONNULL = YES;
				CLANG_ANALYZER_NUMBER_OBJECT_CONVERSION = YES_AGGRESSIVE;
				CLANG_CXX_LANGUAGE_STANDARD = "gnu++20";
				CLANG_ENABLE_MODULES = YES;
				CLANG_ENABLE_OBJC_ARC = YES;
				CLANG_ENABLE_OBJC_WEAK = YES;
				CLANG_WARN_BLOCK_CAPTURE_AUTORELEASING = YES;
				CLANG_WARN_BOOL_CONVERSION = YES;
				CLANG_WARN_COMMA = YES;
				CLANG_WARN_CONSTANT_CONVERSION = YES;
				CLANG_WARN_DEPRECATED_OBJC_IMPLEMENTATIONS = YES;
				CLANG_WARN_DIRECT_OBJC_ISA_USAGE = YES_ERROR;
				CLANG_WARN_DOCUMENTATION_COMMENTS = YES;
				CLANG_WARN_EMPTY_BODY = YES;
				CLANG_WARN_ENUM_CONVERSION = YES;
				CLANG_WARN_INFINITE_RECURSION = YES;
				CLANG_WARN_INT_CONVERSION = YES;
				CLANG_WARN_NON_LITERAL_NULL_CONVERSION = YES;
				CLANG_WARN_OBJC_IMPLICIT_RETAIN_SELF = YES;
				CLANG_WARN_OBJC_LITERAL_CONVERSION = YES;
				CLANG_WARN_OBJC_ROOT_CLASS = YES_ERROR;
				CLANG_WARN_QUOTED_INCLUDE_IN_FRAMEWORK_HEADER = YES;
				CLANG_WARN_RANGE_LOOP_ANALYSIS = YES;
				CLANG_WARN_STRICT_PROTOTYPES = YES;
				CLANG_WARN_SUSPICIOUS_MOVE = YES;
				CLANG_WARN_UNGUARDED_AVAILABILITY = YES_AGGRESSIVE;
				CLANG_WARN_UNREACHABLE_CODE = YES;
				CLANG_WARN__DUPLICATE_METHOD_MATCH = YES;
				COPY_PHASE_STRIP = NO;
				DEBUG_INFORMATION_FORMAT = dwarf;
				ENABLE_STRICT_OBJC_MSGSEND = YES;
				ENABLE_TESTABILITY = YES;
				GCC_C_LANGUAGE_STANDARD = gnu11;
				GCC_DYNAMIC_NO_PIC = NO;
				GCC_NO_COMMON_BLOCKS = YES;
				GCC_OPTIMIZATION_LEVEL = 0;
				GCC_PREPROCESSOR_DEFINITIONS = (
					"DEBUG=1",
					"$(inherited)",
				);
				GCC_WARN_64_TO_32_BIT_CONVERSION = YES;
				GCC_WARN_ABOUT_RETURN_TYPE = YES_ERROR;
				GCC_WARN_UNDECLARED_SELECTOR = YES;
				GCC_WARN_UNINITIALIZED_AUTOS = YES_AGGRESSIVE;
				GCC_WARN_UNUSED_FUNCTION = YES;
				GCC_WARN_UNUSED_VARIABLE = YES;
				IPHONEOS_DEPLOYMENT_TARGET = 16.0;
				MTL_ENABLE_DEBUG_INFO = INCLUDE_SOURCE;
				MTL_FAST_MATH = YES;
				ONLY_ACTIVE_ARCH = YES;
				SDKROOT = iphoneos;
				SWIFT_ACTIVE_COMPILATION_CONDITIONS = DEBUG;
				SWIFT_OPTIMIZATION_LEVEL = "-Onone";
			};
			name = Debug;
		};
		8D44E91F29C06441003C328C /* Release */ = {
			isa = XCBuildConfiguration;
			buildSettings = {
				ALWAYS_SEARCH_USER_PATHS = NO;
				CLANG_ANALYZER_NONNULL = YES;
				CLANG_ANALYZER_NUMBER_OBJECT_CONVERSION = YES_AGGRESSIVE;
				CLANG_CXX_LANGUAGE_STANDARD = "gnu++20";
				CLANG_ENABLE_MODULES = YES;
				CLANG_ENABLE_OBJC_ARC = YES;
				CLANG_ENABLE_OBJC_WEAK = YES;
				CLANG_WARN_BLOCK_CAPTURE_AUTORELEASING = YES;
				CLANG_WARN_BOOL_CONVERSION = YES;
				CLANG_WARN_COMMA = YES;
				CLANG_WARN_CONSTANT_CONVERSION = YES;
				CLANG_WARN_DEPRECATED_OBJC_IMPLEMENTATIONS = YES;
				CLANG_WARN_DIRECT_OBJC_ISA_USAGE = YES_ERROR;
				CLANG_WARN_DOCUMENTATION_COMMENTS = YES;
				CLANG_WARN_EMPTY_BODY = YES;
				CLANG_WARN_ENUM_CONVERSION = YES;
				CLANG_WARN_INFINITE_RECURSION = YES;
				CLANG_WARN_INT_CONVERSION = YES;
				CLANG_WARN_NON_LITERAL_NULL_CONVERSION = YES;
				CLANG_WARN_OBJC_IMPLICIT_RETAIN_SELF = YES;
				CLANG_WARN_OBJC_LITERAL_CONVERSION = YES;
				CLANG_WARN_OBJC_ROOT_CLASS = YES_ERROR;
				CLANG_WARN_QUOTED_INCLUDE_IN_FRAMEWORK_HEADER = YES;
				CLANG_WARN_RANGE_LOOP_ANALYSIS = YES;
				CLANG_WARN_STRICT_PROTOTYPES = YES;
				CLANG_WARN_SUSPICIOUS_MOVE = YES;
				CLANG_WARN_UNGUARDED_AVAILABILITY = YES_AGGRESSIVE;
				CLANG_WARN_UNREACHABLE_CODE = YES;
				CLANG_WARN__DUPLICATE_METHOD_MATCH = YES;
				COPY_PHASE_STRIP = NO;
				DEBUG_INFORMATION_FORMAT = "dwarf-with-dsym";
				ENABLE_NS_ASSERTIONS = NO;
				ENABLE_STRICT_OBJC_MSGSEND = YES;
				GCC_C_LANGUAGE_STANDARD = gnu11;
				GCC_NO_COMMON_BLOCKS = YES;
				GCC_WARN_64_TO_32_BIT_CONVERSION = YES;
				GCC_WARN_ABOUT_RETURN_TYPE = YES_ERROR;
				GCC_WARN_UNDECLARED_SELECTOR = YES;
				GCC_WARN_UNINITIALIZED_AUTOS = YES_AGGRESSIVE;
				GCC_WARN_UNUSED_FUNCTION = YES;
				GCC_WARN_UNUSED_VARIABLE = YES;
				IPHONEOS_DEPLOYMENT_TARGET = 16.0;
				MTL_ENABLE_DEBUG_INFO = NO;
				MTL_FAST_MATH = YES;
				SDKROOT = iphoneos;
				SWIFT_COMPILATION_MODE = wholemodule;
				SWIFT_OPTIMIZATION_LEVEL = "-O";
				VALIDATE_PRODUCT = YES;
			};
			name = Release;
		};
		8D44E92129C06441003C328C /* Debug */ = {
			isa = XCBuildConfiguration;
			buildSettings = {
				ASSETCATALOG_COMPILER_APPICON_NAME = AppIcon;
				ASSETCATALOG_COMPILER_GLOBAL_ACCENT_COLOR_NAME = AccentColor;
				CODE_SIGN_STYLE = Automatic;
				CURRENT_PROJECT_VERSION = 1;
				DEVELOPMENT_ASSET_PATHS = "\"EffectiveMobileTestApp/Preview Content\"";
				DEVELOPMENT_TEAM = 79GHQ256TM;
				ENABLE_PREVIEWS = YES;
				GENERATE_INFOPLIST_FILE = YES;
				INFOPLIST_FILE = EffectiveMobileTestApp/Info.plist;
				INFOPLIST_KEY_UIApplicationSceneManifest_Generation = YES;
				INFOPLIST_KEY_UIApplicationSupportsIndirectInputEvents = YES;
				INFOPLIST_KEY_UILaunchScreen_Generation = YES;
				INFOPLIST_KEY_UISupportedInterfaceOrientations_iPad = "UIInterfaceOrientationPortrait UIInterfaceOrientationPortraitUpsideDown UIInterfaceOrientationLandscapeLeft UIInterfaceOrientationLandscapeRight";
				INFOPLIST_KEY_UISupportedInterfaceOrientations_iPhone = "UIInterfaceOrientationPortrait UIInterfaceOrientationLandscapeLeft UIInterfaceOrientationLandscapeRight";
				LD_RUNPATH_SEARCH_PATHS = (
					"$(inherited)",
					"@executable_path/Frameworks",
				);
				MARKETING_VERSION = 1.0;
				PRODUCT_BUNDLE_IDENTIFIER = com.manev.mikhail.EffectiveMobileTestApp;
				PRODUCT_NAME = "$(TARGET_NAME)";
				SWIFT_EMIT_LOC_STRINGS = YES;
				SWIFT_VERSION = 5.0;
				TARGETED_DEVICE_FAMILY = "1,2";
			};
			name = Debug;
		};
		8D44E92229C06441003C328C /* Release */ = {
			isa = XCBuildConfiguration;
			buildSettings = {
				ASSETCATALOG_COMPILER_APPICON_NAME = AppIcon;
				ASSETCATALOG_COMPILER_GLOBAL_ACCENT_COLOR_NAME = AccentColor;
				CODE_SIGN_STYLE = Automatic;
				CURRENT_PROJECT_VERSION = 1;
				DEVELOPMENT_ASSET_PATHS = "\"EffectiveMobileTestApp/Preview Content\"";
				DEVELOPMENT_TEAM = 79GHQ256TM;
				ENABLE_PREVIEWS = YES;
				GENERATE_INFOPLIST_FILE = YES;
				INFOPLIST_FILE = EffectiveMobileTestApp/Info.plist;
				INFOPLIST_KEY_UIApplicationSceneManifest_Generation = YES;
				INFOPLIST_KEY_UIApplicationSupportsIndirectInputEvents = YES;
				INFOPLIST_KEY_UILaunchScreen_Generation = YES;
				INFOPLIST_KEY_UISupportedInterfaceOrientations_iPad = "UIInterfaceOrientationPortrait UIInterfaceOrientationPortraitUpsideDown UIInterfaceOrientationLandscapeLeft UIInterfaceOrientationLandscapeRight";
				INFOPLIST_KEY_UISupportedInterfaceOrientations_iPhone = "UIInterfaceOrientationPortrait UIInterfaceOrientationLandscapeLeft UIInterfaceOrientationLandscapeRight";
				LD_RUNPATH_SEARCH_PATHS = (
					"$(inherited)",
					"@executable_path/Frameworks",
				);
				MARKETING_VERSION = 1.0;
				PRODUCT_BUNDLE_IDENTIFIER = com.manev.mikhail.EffectiveMobileTestApp;
				PRODUCT_NAME = "$(TARGET_NAME)";
				SWIFT_EMIT_LOC_STRINGS = YES;
				SWIFT_VERSION = 5.0;
				TARGETED_DEVICE_FAMILY = "1,2";
			};
			name = Release;
		};
/* End XCBuildConfiguration section */

/* Begin XCConfigurationList section */
		8D44E90D29C06440003C328C /* Build configuration list for PBXProject "EffectiveMobileTestApp" */ = {
			isa = XCConfigurationList;
			buildConfigurations = (
				8D44E91E29C06441003C328C /* Debug */,
				8D44E91F29C06441003C328C /* Release */,
			);
			defaultConfigurationIsVisible = 0;
			defaultConfigurationName = Release;
		};
		8D44E92029C06441003C328C /* Build configuration list for PBXNativeTarget "EffectiveMobileTestApp" */ = {
			isa = XCConfigurationList;
			buildConfigurations = (
				8D44E92129C06441003C328C /* Debug */,
				8D44E92229C06441003C328C /* Release */,
			);
			defaultConfigurationIsVisible = 0;
			defaultConfigurationName = Release;
		};
/* End XCConfigurationList section */
	};
	rootObject = 8D44E90A29C06440003C328C /* Project object */;
}
